
Microsoft Visual Studio Solution File, Format Version 12.00
# Visual Studio 15
VisualStudioVersion = 15.0.27428.2037
MinimumVisualStudioVersion = 10.0.40219.1
Project("{FAE04EC0-301F-11D3-BF4B-00C04F79EFBC}") = "ConsoleAppInterFace練習", "ConsoleAppInterFace練習\ConsoleAppInterFace練習.csproj", "{89849B9B-9C75-42C7-B913-BD8DABF07E20}"
EndProject
Global
	GlobalSection(SolutionConfigurationPlatforms) = preSolution
		Debug|Any CPU = Debug|Any CPU
		Release|Any CPU = Release|Any CPU
	EndGlobalSection
	GlobalSection(ProjectConfigurationPlatforms) = postSolution
		{89849B9B-9C75-42C7-B913-BD8DABF07E20}.Debug|Any CPU.ActiveCfg = Debug|Any CPU
		{89849B9B-9C75-42C7-B913-BD8DABF07E20}.Debug|Any CPU.Build.0 = Debug|Any CPU
		{89849B9B-9C75-42C7-B913-BD8DABF07E20}.Release|Any CPU.ActiveCfg = Release|Any CPU
		{89849B9B-9C75-42C7-B913-BD8DABF07E20}.Release|Any CPU.Build.0 = Release|Any CPU
	EndGlobalSection
	GlobalSection(SolutionProperties) = preSolution
		HideSolutionNode = FALSE
	EndGlobalSection
	GlobalSection(ExtensibilityGlobals) = postSolution
		SolutionGuid = {98DC237D-31B5-414F-8CBA-A198B0A525D5}
	EndGlobalSection
EndGlobal
